# generated by rye
# use `rye lock` or `rye sync` to update this lockfile
#
# last locked with the following flags:
#   pre: false
#   features: []
#   all-features: false
#   with-sources: false
#   generate-hashes: false
#   universal: false

-e file:.
confluent-kafka==2.5.3
    # via hello-kafka-python
nodeenv==1.9.1
    # via pyright
pyright==1.1.381
